
Microsoft Visual Studio Solution File, Format Version 12.00
# Visual Studio Version 16
VisualStudioVersion = 16.0.30204.135
MinimumVisualStudioVersion = 10.0.40219.1
Project("{FAE04EC0-301F-11D3-BF4B-00C04F79EFBC}") = "TowerOfHanoi", "TowerOfHanoi\TowerOfHanoi.csproj", "{5DDC560A-0114-4614-BFD4-AC401C06F823}"
EndProject
Global
	GlobalSection(SolutionConfigurationPlatforms) = preSolution
		Debug|Any CPU = Debug|Any CPU
		Release|Any CPU = Release|Any CPU
	EndGlobalSection
	GlobalSection(ProjectConfigurationPlatforms) = postSolution
		{5DDC560A-0114-4614-BFD4-AC401C06F823}.Debug|Any CPU.ActiveCfg = Debug|Any CPU
		{5DDC560A-0114-4614-BFD4-AC401C06F823}.Debug|Any CPU.Build.0 = Debug|Any CPU
		{5DDC560A-0114-4614-BFD4-AC401C06F823}.Release|Any CPU.ActiveCfg = Release|Any CPU
		{5DDC560A-0114-4614-BFD4-AC401C06F823}.Release|Any CPU.Build.0 = Release|Any CPU
	EndGlobalSection
	GlobalSection(SolutionProperties) = preSolution
		HideSolutionNode = FALSE
	EndGlobalSection
	GlobalSection(ExtensibilityGlobals) = postSolution
		SolutionGuid = {AF8F32F3-5CB4-46A1-B7E8-CAC9CC857050}
	EndGlobalSection
EndGlobal
